
Microsoft Visual Studio Solution File, Format Version 12.00
# Visual Studio Version 17
VisualStudioVersion = 17.8.34330.188
MinimumVisualStudioVersion = 10.0.40219.1
Project("{FAE04EC0-301F-11D3-BF4B-00C04F79EFBC}") = "lapforditosjatek", "lapforditosjatek\lapforditosjatek.csproj", "{6E1E22AE-23AA-4E4B-B880-45AB64EE996C}"
EndProject
Global
	GlobalSection(SolutionConfigurationPlatforms) = preSolution
		Debug|Any CPU = Debug|Any CPU
		Release|Any CPU = Release|Any CPU
	EndGlobalSection
	GlobalSection(ProjectConfigurationPlatforms) = postSolution
		{6E1E22AE-23AA-4E4B-B880-45AB64EE996C}.Debug|Any CPU.ActiveCfg = Debug|Any CPU
		{6E1E22AE-23AA-4E4B-B880-45AB64EE996C}.Debug|Any CPU.Build.0 = Debug|Any CPU
		{6E1E22AE-23AA-4E4B-B880-45AB64EE996C}.Release|Any CPU.ActiveCfg = Release|Any CPU
		{6E1E22AE-23AA-4E4B-B880-45AB64EE996C}.Release|Any CPU.Build.0 = Release|Any CPU
	EndGlobalSection
	GlobalSection(SolutionProperties) = preSolution
		HideSolutionNode = FALSE
	EndGlobalSection
	GlobalSection(ExtensibilityGlobals) = postSolution
		SolutionGuid = {965D9CE0-3BA8-4912-B370-DC6D11A5B53D}
	EndGlobalSection
EndGlobal
